
Microsoft Visual Studio Solution File, Format Version 12.00
# Visual Studio Version 17
VisualStudioVersion = 17.9.34622.214
MinimumVisualStudioVersion = 10.0.40219.1
Project("{9A19103F-16F7-4668-BE54-9A1E7A4F7556}") = "PetShop_Patte", "PetShop_Patte\PetShop_Patte.csproj", "{7A424CAB-23DA-4918-9303-F02A8921F85C}"
EndProject
Project("{FAE04EC0-301F-11D3-BF4B-00C04F79EFBC}") = "PetShopPatte_Core", "PetShopPatte_Core\PetShopPatte_Core.csproj", "{64604875-5CFE-4DB9-B984-A9EFC8ACA57E}"
EndProject
Project("{FAE04EC0-301F-11D3-BF4B-00C04F79EFBC}") = "PetShopPatte_Data", "PetShopPatte_Data\PetShopPatte_Data.csproj", "{7B428800-4130-4574-9B76-B2D6858461F7}"
EndProject
Project("{FAE04EC0-301F-11D3-BF4B-00C04F79EFBC}") = "PetShopPatte_Business", "PetShopPatte_Business\PetShopPatte_Business.csproj", "{2AE178F3-9C53-4439-9E21-F54A677D14E8}"
EndProject
Global
	GlobalSection(SolutionConfigurationPlatforms) = preSolution
		Debug|Any CPU = Debug|Any CPU
		Release|Any CPU = Release|Any CPU
	EndGlobalSection
	GlobalSection(ProjectConfigurationPlatforms) = postSolution
		{7A424CAB-23DA-4918-9303-F02A8921F85C}.Debug|Any CPU.ActiveCfg = Debug|Any CPU
		{7A424CAB-23DA-4918-9303-F02A8921F85C}.Debug|Any CPU.Build.0 = Debug|Any CPU
		{7A424CAB-23DA-4918-9303-F02A8921F85C}.Release|Any CPU.ActiveCfg = Release|Any CPU
		{7A424CAB-23DA-4918-9303-F02A8921F85C}.Release|Any CPU.Build.0 = Release|Any CPU
		{64604875-5CFE-4DB9-B984-A9EFC8ACA57E}.Debug|Any CPU.ActiveCfg = Debug|Any CPU
		{64604875-5CFE-4DB9-B984-A9EFC8ACA57E}.Debug|Any CPU.Build.0 = Debug|Any CPU
		{64604875-5CFE-4DB9-B984-A9EFC8ACA57E}.Release|Any CPU.ActiveCfg = Release|Any CPU
		{64604875-5CFE-4DB9-B984-A9EFC8ACA57E}.Release|Any CPU.Build.0 = Release|Any CPU
		{7B428800-4130-4574-9B76-B2D6858461F7}.Debug|Any CPU.ActiveCfg = Debug|Any CPU
		{7B428800-4130-4574-9B76-B2D6858461F7}.Debug|Any CPU.Build.0 = Debug|Any CPU
		{7B428800-4130-4574-9B76-B2D6858461F7}.Release|Any CPU.ActiveCfg = Release|Any CPU
		{7B428800-4130-4574-9B76-B2D6858461F7}.Release|Any CPU.Build.0 = Release|Any CPU
		{2AE178F3-9C53-4439-9E21-F54A677D14E8}.Debug|Any CPU.ActiveCfg = Debug|Any CPU
		{2AE178F3-9C53-4439-9E21-F54A677D14E8}.Debug|Any CPU.Build.0 = Debug|Any CPU
		{2AE178F3-9C53-4439-9E21-F54A677D14E8}.Release|Any CPU.ActiveCfg = Release|Any CPU
		{2AE178F3-9C53-4439-9E21-F54A677D14E8}.Release|Any CPU.Build.0 = Release|Any CPU
	EndGlobalSection
	GlobalSection(SolutionProperties) = preSolution
		HideSolutionNode = FALSE
	EndGlobalSection
	GlobalSection(ExtensibilityGlobals) = postSolution
		SolutionGuid = {0E030D61-2BC4-4253-912A-2653499AC08C}
	EndGlobalSection
EndGlobal
